# This file is automatically @generated by Cargo.
# It is not intended for manual editing.
version = 3

[[package]]
name = "meshmon-agent"
version = "0.1.0"

[[package]]
name = "meshmon-common"
version = "0.1.0"

[[package]]
name = "meshmon-protocol"
version = "0.1.0"

[[package]]
name = "meshmon-service"
version = "0.1.0"
